
Microsoft Visual Studio Solution File, Format Version 12.00
# Visual Studio Version 17
VisualStudioVersion = 17.11.35327.3
MinimumVisualStudioVersion = 10.0.40219.1
Project("{FAE04EC0-301F-11D3-BF4B-00C04F79EFBC}") = "UcanKus", "UcanKus\UcanKus.csproj", "{930A3E14-8EC7-4F5C-84F6-BFDBC001B0B2}"
EndProject
Global
	GlobalSection(SolutionConfigurationPlatforms) = preSolution
		Debug|Any CPU = Debug|Any CPU
		Release|Any CPU = Release|Any CPU
	EndGlobalSection
	GlobalSection(ProjectConfigurationPlatforms) = postSolution
		{930A3E14-8EC7-4F5C-84F6-BFDBC001B0B2}.Debug|Any CPU.ActiveCfg = Debug|Any CPU
		{930A3E14-8EC7-4F5C-84F6-BFDBC001B0B2}.Debug|Any CPU.Build.0 = Debug|Any CPU
		{930A3E14-8EC7-4F5C-84F6-BFDBC001B0B2}.Release|Any CPU.ActiveCfg = Release|Any CPU
		{930A3E14-8EC7-4F5C-84F6-BFDBC001B0B2}.Release|Any CPU.Build.0 = Release|Any CPU
	EndGlobalSection
	GlobalSection(SolutionProperties) = preSolution
		HideSolutionNode = FALSE
	EndGlobalSection
	GlobalSection(ExtensibilityGlobals) = postSolution
		SolutionGuid = {97423887-6DCD-4867-980C-B3D13A31C326}
	EndGlobalSection
EndGlobal
